
Microsoft Visual Studio Solution File, Format Version 12.00
# Visual Studio 15
VisualStudioVersion = 15.0.27004.2009
MinimumVisualStudioVersion = 10.0.40219.1
Project("{FAE04EC0-301F-11D3-BF4B-00C04F79EFBC}") = "23.2", "23.2\23.2.csproj", "{B5A24C25-5BA1-4C0E-B268-86F51340DB2C}"
EndProject
Global
	GlobalSection(SolutionConfigurationPlatforms) = preSolution
		Debug|Any CPU = Debug|Any CPU
		Release|Any CPU = Release|Any CPU
	EndGlobalSection
	GlobalSection(ProjectConfigurationPlatforms) = postSolution
		{B5A24C25-5BA1-4C0E-B268-86F51340DB2C}.Debug|Any CPU.ActiveCfg = Debug|Any CPU
		{B5A24C25-5BA1-4C0E-B268-86F51340DB2C}.Debug|Any CPU.Build.0 = Debug|Any CPU
		{B5A24C25-5BA1-4C0E-B268-86F51340DB2C}.Release|Any CPU.ActiveCfg = Release|Any CPU
		{B5A24C25-5BA1-4C0E-B268-86F51340DB2C}.Release|Any CPU.Build.0 = Release|Any CPU
	EndGlobalSection
	GlobalSection(SolutionProperties) = preSolution
		HideSolutionNode = FALSE
	EndGlobalSection
	GlobalSection(ExtensibilityGlobals) = postSolution
		SolutionGuid = {06C52489-A61B-44AB-81D2-98A7041473E5}
	EndGlobalSection
EndGlobal
